// !$*UTF8*$!
{
	archiveVersion = 1;
	classes = {
	};
	objectVersion = 50;
	objects = {

/* Begin PBXBuildFile section */
		3ED3AECA22A6A49B003985DF /* AppDelegate.m in Sources */ = {isa = PBXBuildFile; fileRef = 3ED3AEC922A6A49B003985DF /* AppDelegate.m */; };
		3ED3AECD22A6A49B003985DF /* ViewController.m in Sources */ = {isa = PBXBuildFile; fileRef = 3ED3AECC22A6A49B003985DF /* ViewController.m */; };
		3ED3AED022A6A49B003985DF /* Main.storyboard in Resources */ = {isa = PBXBuildFile; fileRef = 3ED3AECE22A6A49B003985DF /* Main.storyboard */; };
		3ED3AED222A6A49C003985DF /* Assets.xcassets in Resources */ = {isa = PBXBuildFile; fileRef = 3ED3AED122A6A49C003985DF /* Assets.xcassets */; };
		3ED3AED522A6A49C003985DF /* LaunchScreen.storyboard in Resources */ = {isa = PBXBuildFile; fileRef = 3ED3AED322A6A49C003985DF /* LaunchScreen.storyboard */; };
		3ED3AED822A6A49C003985DF /* main.m in Sources */ = {isa = PBXBuildFile; fileRef = 3ED3AED722A6A49C003985DF /* main.m */; };
/* End PBXBuildFile section */

/* Begin PBXFileReference section */
		3ED3AEC522A6A49B003985DF /* LJFTest.app */ = {isa = PBXFileReference; explicitFileType = wrapper.application; includeInIndex = 0; path = LJFTest.app; sourceTree = BUILT_PRODUCTS_DIR; };
		3ED3AEC822A6A49B003985DF /* AppDelegate.h */ = {isa = PBXFileReference; lastKnownFileType = sourcecode.c.h; path = AppDelegate.h; sourceTree = "<group>"; };
		3ED3AEC922A6A49B003985DF /* AppDelegate.m */ = {isa = PBXFileReference; lastKnownFileType = sourcecode.c.objc; path = AppDelegate.m; sourceTree = "<group>"; };
		3ED3AECB22A6A49B003985DF /* ViewController.h */ = {isa = PBXFileReference; lastKnownFileType = sourcecode.c.h; path = ViewController.h; sourceTree = "<group>"; };
		3ED3AECC22A6A49B003985DF /* ViewController.m */ = {isa = PBXFileReference; lastKnownFileType = sourcecode.c.objc; path = ViewController.m; sourceTree = "<group>"; };
		3ED3AECF22A6A49B003985DF /* Base */ = {isa = PBXFileReference; lastKnownFileType = file.storyboard; name = Base; path = Base.lproj/Main.storyboard; sourceTree = "<group>"; };
		3ED3AED122A6A49C003985DF /* Assets.xcassets */ = {isa = PBXFileReference; lastKnownFileType = folder.assetcatalog; path = Assets.xcassets; sourceTree = "<group>"; };
		3ED3AED422A6A49C003985DF /* Base */ = {isa = PBXFileReference; lastKnownFileType = file.storyboard; name = Base; path = Base.lproj/LaunchScreen.storyboard; sourceTree = "<group>"; };
		3ED3AED622A6A49C003985DF /* Info.plist */ = {isa = PBXFileReference; lastKnownFileType = text.plist.xml; path = Info.plist; sourceTree = "<group>"; };
		3ED3AED722A6A49C003985DF /* main.m */ = {isa = PBXFileReference; lastKnownFileType = sourcecode.c.objc; path = main.m; sourceTree = "<group>"; };
/* End PBXFileReference section */

/* Begin PBXFrameworksBuildPhase section */
		3ED3AEC222A6A49B003985DF /* Frameworks */ = {
			isa = PBXFrameworksBuildPhase;
			buildActionMask = 2147483647;
			files = (
			);
			runOnlyForDeploymentPostprocessing = 0;
		};
/* End PBXFrameworksBuildPhase section */

/* Begin PBXGroup section */
		3ED3AEBC22A6A49B003985DF = {
			isa = PBXGroup;
			children = (
				3ED3AEC722A6A49B003985DF /* LJFTest */,
				3ED3AEC622A6A49B003985DF /* Products */,
			);
			sourceTree = "<group>";
		};
		3ED3AEC622A6A49B003985DF /* Products */ = {
			isa = PBXGroup;
			children = (
				3ED3AEC522A6A49B003985DF /* LJFTest.app */,
			);
			name = Products;
			sourceTree = "<group>";
		};
		3ED3AEC722A6A49B003985DF /* LJFTest */ = {
			isa = PBXGroup;
			children = (
				3ED3AEC822A6A49B003985DF /* AppDelegate.h */,
				3ED3AEC922A6A49B003985DF /* AppDelegate.m */,
				3ED3AECB22A6A49B003985DF /* ViewController.h */,
				3ED3AECC22A6A49B003985DF /* ViewController.m */,
				3ED3AECE22A6A49B003985DF /* Main.storyboard */,
				3ED3AED122A6A49C003985DF /* Assets.xcassets */,
				3ED3AED322A6A49C003985DF /* LaunchScreen.storyboard */,
				3ED3AED622A6A49C003985DF /* Info.plist */,
				3ED3AED722A6A49C003985DF /* main.m */,
			);
			path = LJFTest;
			sourceTree = "<group>";
		};
/* End PBXGroup section */

/* Begin PBXNativeTarget section */
		3ED3AEC422A6A49B003985DF /* LJFTest */ = {
			isa = PBXNativeTarget;
			buildConfigurationList = 3ED3AEDB22A6A49C003985DF /* Build configuration list for PBXNativeTarget "LJFTest" */;
			buildPhases = (
				3ED3AEC122A6A49B003985DF /* Sources */,
				3ED3AEC222A6A49B003985DF /* Frameworks */,
				3ED3AEC322A6A49B003985DF /* Resources */,
			);
			buildRules = (
			);
			dependencies = (
			);
			name = LJFTest;
			productName = LJFTest;
			productReference = 3ED3AEC522A6A49B003985DF /* LJFTest.app */;
			productType = "com.apple.product-type.application";
		};
/* End PBXNativeTarget section */

/* Begin PBXProject section */
		3ED3AEBD22A6A49B003985DF /* Project object */ = {
			isa = PBXProject;
			attributes = {
				LastUpgradeCheck = 1020;
				ORGANIZATIONNAME = wlb.com;
				TargetAttributes = {
					3ED3AEC422A6A49B003985DF = {
						CreatedOnToolsVersion = 10.2.1;
					};
				};
			};
			buildConfigurationList = 3ED3AEC022A6A49B003985DF /* Build configuration list for PBXProject "LJFTest" */;
			compatibilityVersion = "Xcode 9.3";
			developmentRegion = en;
			hasScannedForEncodings = 0;
			knownRegions = (
				en,
				Base,
			);
			mainGroup = 3ED3AEBC22A6A49B003985DF;
			productRefGroup = 3ED3AEC622A6A49B003985DF /* Products */;
			projectDirPath = "";
			projectRoot = "";
			targets = (
				3ED3AEC422A6A49B003985DF /* LJFTest */,
			);
		};
/* End PBXProject section */

/* Begin PBXResourcesBuildPhase section */
		3ED3AEC322A6A49B003985DF /* Resources */ = {
			isa = PBXResourcesBuildPhase;
			buildActionMask = 2147483647;
			files = (
				3ED3AED522A6A49C003985DF /* LaunchScreen.storyboard in Resources */,
				3ED3AED222A6A49C003985DF /* Assets.xcassets in Resources */,
				3ED3AED022A6A49B003985DF /* Main.storyboard in Resources */,
			);
			runOnlyForDeploymentPostprocessing = 0;
		};
/* End PBXResourcesBuildPhase section */

/* Begin PBXSourcesBuildPhase section */
		3ED3AEC122A6A49B003985DF /* Sources */ = {
			isa = PBXSourcesBuildPhase;
			buildActionMask = 2147483647;
			files = (
				3ED3AECD22A6A49B003985DF /* ViewController.m in Sources */,
				3ED3AED822A6A49C003985DF /* main.m in Sources */,
				3ED3AECA22A6A49B003985DF /* AppDelegate.m in Sources */,
			);
			runOnlyForDeploymentPostprocessing = 0;
		};
/* End PBXSourcesBuildPhase section */

/* Begin PBXVariantGroup section */
		3ED3AECE22A6A49B003985DF /* Main.storyboard */ = {
			isa = PBXVariantGroup;
			children = (
				3ED3AECF22A6A49B003985DF /* Base */,
			);
			name = Main.storyboard;
			sourceTree = "<group>";
		};
		3ED3AED322A6A49C003985DF /* LaunchScreen.storyboard */ = {
			isa = PBXVariantGroup;
			children = (
				3ED3AED422A6A49C003985DF /* Base */,
			);
			name = LaunchScreen.storyboard;
			sourceTree = "<group>";
		};
/* End PBXVariantGroup section */

/* Begin XCBuildConfiguration section */
		3ED3AED922A6A49C003985DF /* Debug */ = {
			isa = XCBuildConfiguration;
			buildSettings = {
				ALWAYS_SEARCH_USER_PATHS = NO;
				CLANG_ANALYZER_NONNULL = YES;
				CLANG_ANALYZER_NUMBER_OBJECT_CONVERSION = YES_AGGRESSIVE;
				CLANG_CXX_LANGUAGE_STANDARD = "gnu++14";
				CLANG_CXX_LIBRARY = "libc++";
				CLANG_ENABLE_MODULES = YES;
				CLANG_ENABLE_OBJC_ARC = YES;
				CLANG_ENABLE_OBJC_WEAK = YES;
				CLANG_WARN_BLOCK_CAPTURE_AUTORELEASING = YES;
				CLANG_WARN_BOOL_CONVERSION = YES;
				CLANG_WARN_COMMA = YES;
				CLANG_WARN_CONSTANT_CONVERSION = YES;
				CLANG_WARN_DEPRECATED_OBJC_IMPLEMENTATIONS = YES;
				CLANG_WARN_DIRECT_OBJC_ISA_USAGE = YES_ERROR;
				CLANG_WARN_DOCUMENTATION_COMMENTS = YES;
				CLANG_WARN_EMPTY_BODY = YES;
				CLANG_WARN_ENUM_CONVERSION = YES;
				CLANG_WARN_INFINITE_RECURSION = YES;
				CLANG_WARN_INT_CONVERSION = YES;
				CLANG_WARN_NON_LITERAL_NULL_CONVERSION = YES;
				CLANG_WARN_OBJC_IMPLICIT_RETAIN_SELF = YES;
				CLANG_WARN_OBJC_LITERAL_CONVERSION = YES;
				CLANG_WARN_OBJC_ROOT_CLASS = YES_ERROR;
				CLANG_WARN_RANGE_LOOP_ANALYSIS = YES;
				CLANG_WARN_STRICT_PROTOTYPES = YES;
				CLANG_WARN_SUSPICIOUS_MOVE = YES;
				CLANG_WARN_UNGUARDED_AVAILABILITY = YES_AGGRESSIVE;
				CLANG_WARN_UNREACHABLE_CODE = YES;
				CLANG_WARN__DUPLICATE_METHOD_MATCH = YES;
				CODE_SIGN_IDENTITY = "iPhone Developer";
				COPY_PHASE_STRIP = NO;
				DEBUG_INFORMATION_FORMAT = dwarf;
				ENABLE_STRICT_OBJC_MSGSEND = YES;
				ENABLE_TESTABILITY = YES;
				GCC_C_LANGUAGE_STANDARD = gnu11;
				GCC_DYNAMIC_NO_PIC = NO;
				GCC_NO_COMMON_BLOCKS = YES;
				GCC_OPTIMIZATION_LEVEL = 0;
				GCC_PREPROCESSOR_DEFINITIONS = (
					"DEBUG=1",
					"$(inherited)",
				);
				GCC_WARN_64_TO_32_BIT_CONVERSION = YES;
				GCC_WARN_ABOUT_RETURN_TYPE = YES_ERROR;
				GCC_WARN_UNDECLARED_SELECTOR = YES;
				GCC_WARN_UNINITIALIZED_AUTOS = YES_AGGRESSIVE;
				GCC_WARN_UNUSED_FUNCTION = YES;
				GCC_WARN_UNUSED_VARIABLE = YES;
				IPHONEOS_DEPLOYMENT_TARGET = 12.2;
				MTL_ENABLE_DEBUG_INFO = INCLUDE_SOURCE;
				MTL_FAST_MATH = YES;
				ONLY_ACTIVE_ARCH = YES;
				SDKROOT = iphoneos;
			};
			name = Debug;
		};
		3ED3AEDA22A6A49C003985DF /* Release */ = {
			isa = XCBuildConfiguration;
			buildSettings = {
				ALWAYS_SEARCH_USER_PATHS = NO;
				CLANG_ANALYZER_NONNULL = YES;
				CLANG_ANALYZER_NUMBER_OBJECT_CONVERSION = YES_AGGRESSIVE;
				CLANG_CXX_LANGUAGE_STANDARD = "gnu++14";
				CLANG_CXX_LIBRARY = "libc++";
				CLANG_ENABLE_MODULES = YES;
				CLANG_ENABLE_OBJC_ARC = YES;
				CLANG_ENABLE_OBJC_WEAK = YES;
				CLANG_WARN_BLOCK_CAPTURE_AUTORELEASING = YES;
				CLANG_WARN_BOOL_CONVERSION = YES;
				CLANG_WARN_COMMA = YES;
				CLANG_WARN_CONSTANT_CONVERSION = YES;
				CLANG_WARN_DEPRECATED_OBJC_IMPLEMENTATIONS = YES;
				CLANG_WARN_DIRECT_OBJC_ISA_USAGE = YES_ERROR;
				CLANG_WARN_DOCUMENTATION_COMMENTS = YES;
				CLANG_WARN_EMPTY_BODY = YES;
				CLANG_WARN_ENUM_CONVERSION = YES;
				CLANG_WARN_INFINITE_RECURSION = YES;
				CLANG_WARN_INT_CONVERSION = YES;
				CLANG_WARN_NON_LITERAL_NULL_CONVERSION = YES;
				CLANG_WARN_OBJC_IMPLICIT_RETAIN_SELF = YES;
				CLANG_WARN_OBJC_LITERAL_CONVERSION = YES;
				CLANG_WARN_OBJC_ROOT_CLASS = YES_ERROR;
				CLANG_WARN_RANGE_LOOP_ANALYSIS = YES;
				CLANG_WARN_STRICT_PROTOTYPES = YES;
				CLANG_WARN_SUSPICIOUS_MOVE = YES;
				CLANG_WARN_UNGUARDED_AVAILABILITY = YES_AGGRESSIVE;
				CLANG_WARN_UNREACHABLE_CODE = YES;
				CLANG_WARN__DUPLICATE_METHOD_MATCH = YES;
				CODE_SIGN_IDENTITY = "iPhone Developer";
				COPY_PHASE_STRIP = NO;
				DEBUG_INFORMATION_FORMAT = "dwarf-with-dsym";
				ENABLE_NS_ASSERTIONS = NO;
				ENABLE_STRICT_OBJC_MSGSEND = YES;
				GCC_C_LANGUAGE_STANDARD = gnu11;
				GCC_NO_COMMON_BLOCKS = YES;
				GCC_WARN_64_TO_32_BIT_CONVERSION = YES;
				GCC_WARN_ABOUT_RETURN_TYPE = YES_ERROR;
				GCC_WARN_UNDECLARED_SELECTOR = YES;
				GCC_WARN_UNINITIALIZED_AUTOS = YES_AGGRESSIVE;
				GCC_WARN_UNUSED_FUNCTION = YES;
				GCC_WARN_UNUSED_VARIABLE = YES;
				IPHONEOS_DEPLOYMENT_TARGET = 12.2;
				MTL_ENABLE_DEBUG_INFO = NO;
				MTL_FAST_MATH = YES;
				SDKROOT = iphoneos;
				VALIDATE_PRODUCT = YES;
			};
			name = Release;
		};
		3ED3AEDC22A6A49C003985DF /* Debug */ = {
			isa = XCBuildConfiguration;
			buildSettings = {
				ASSETCATALOG_COMPILER_APPICON_NAME = AppIcon;
				CODE_SIGN_STYLE = Automatic;
				INFOPLIST_FILE = LJFTest/Info.plist;
				LD_RUNPATH_SEARCH_PATHS = (
					"$(inherited)",
					"@executable_path/Frameworks",
				);
				PRODUCT_BUNDLE_IDENTIFIER = ljf.com.LJFTest;
				PRODUCT_NAME = "$(TARGET_NAME)";
				TARGETED_DEVICE_FAMILY = "1,2";
			};
			name = Debug;
		};
		3ED3AEDD22A6A49C003985DF /* Release */ = {
			isa = XCBuildConfiguration;
			buildSettings = {
				ASSETCATALOG_COMPILER_APPICON_NAME = AppIcon;
				CODE_SIGN_STYLE = Automatic;
				INFOPLIST_FILE = LJFTest/Info.plist;
				LD_RUNPATH_SEARCH_PATHS = (
					"$(inherited)",
					"@executable_path/Frameworks",
				);
				PRODUCT_BUNDLE_IDENTIFIER = ljf.com.LJFTest;
				PRODUCT_NAME = "$(TARGET_NAME)";
				TARGETED_DEVICE_FAMILY = "1,2";
			};
			name = Release;
		};
/* End XCBuildConfiguration section */

/* Begin XCConfigurationList section */
		3ED3AEC022A6A49B003985DF /* Build configuration list for PBXProject "LJFTest" */ = {
			isa = XCConfigurationList;
			buildConfigurations = (
				3ED3AED922A6A49C003985DF /* Debug */,
				3ED3AEDA22A6A49C003985DF /* Release */,
			);
			defaultConfigurationIsVisible = 0;
			defaultConfigurationName = Release;
		};
		3ED3AEDB22A6A49C003985DF /* Build configuration list for PBXNativeTarget "LJFTest" */ = {
			isa = XCConfigurationList;
			buildConfigurations = (
				3ED3AEDC22A6A49C003985DF /* Debug */,
				3ED3AEDD22A6A49C003985DF /* Release */,
			);
			defaultConfigurationIsVisible = 0;
			defaultConfigurationName = Release;
		};
/* End XCConfigurationList section */
	};
	rootObject = 3ED3AEBD22A6A49B003985DF /* Project object */;
}
